
Microsoft Visual Studio Solution File, Format Version 12.00
# Visual Studio 14
VisualStudioVersion = 14.0.25420.1
MinimumVisualStudioVersion = 10.0.40219.1
Project("{FAE04EC0-301F-11D3-BF4B-00C04F79EFBC}") = "RxClient", "RxClient\RxClient.csproj", "{E1F3D023-3088-4C03-A03A-0698841A3D88}"
EndProject
Project("{FAE04EC0-301F-11D3-BF4B-00C04F79EFBC}") = "RxWebApi", "RxWebApi\RxWebApi.csproj", "{4369BF43-6976-432B-B883-7D8EE06F084E}"
EndProject
Global
	GlobalSection(SolutionConfigurationPlatforms) = preSolution
		Debug|Any CPU = Debug|Any CPU
		Release|Any CPU = Release|Any CPU
	EndGlobalSection
	GlobalSection(ProjectConfigurationPlatforms) = postSolution
		{E1F3D023-3088-4C03-A03A-0698841A3D88}.Debug|Any CPU.ActiveCfg = Debug|Any CPU
		{E1F3D023-3088-4C03-A03A-0698841A3D88}.Debug|Any CPU.Build.0 = Debug|Any CPU
		{E1F3D023-3088-4C03-A03A-0698841A3D88}.Release|Any CPU.ActiveCfg = Release|Any CPU
		{E1F3D023-3088-4C03-A03A-0698841A3D88}.Release|Any CPU.Build.0 = Release|Any CPU
		{4369BF43-6976-432B-B883-7D8EE06F084E}.Debug|Any CPU.ActiveCfg = Debug|Any CPU
		{4369BF43-6976-432B-B883-7D8EE06F084E}.Debug|Any CPU.Build.0 = Debug|Any CPU
		{4369BF43-6976-432B-B883-7D8EE06F084E}.Release|Any CPU.ActiveCfg = Release|Any CPU
		{4369BF43-6976-432B-B883-7D8EE06F084E}.Release|Any CPU.Build.0 = Release|Any CPU
	EndGlobalSection
	GlobalSection(SolutionProperties) = preSolution
		HideSolutionNode = FALSE
	EndGlobalSection
EndGlobal
